{
  "name": "scan.lol",
  "version": "0.0.1",
  "lockfileVersion": 1,
  "requires": true,
  "dependencies": {
    "qr-scanner": {
      "version": "1.2.0",
      "resolved": "https://registry.npmjs.org/qr-scanner/-/qr-scanner-1.2.0.tgz",
      "integrity": "sha512-oTuOxV/UT0O1BMyNCoWusd8B8/Za4zNvDWxTN54+s0mRvnavU0OjQiwI2o3HCuXUVGO88Ee9yY9qjrt8yUYaSw=="
    }
  }
}
